
Microsoft Visual Studio Solution File, Format Version 12.00
# Visual Studio 14
VisualStudioVersion = 14.0.25123.0
MinimumVisualStudioVersion = 10.0.40219.1
Project("{FAE04EC0-301F-11D3-BF4B-00C04F79EFBC}") = "FileSender", "FileSender\FileSender.csproj", "{778E2A53-BBDD-492C-8004-263AD287A37B}"
EndProject
Project("{FAE04EC0-301F-11D3-BF4B-00C04F79EFBC}") = "ThingCache", "ThingCache\ThingCache.csproj", "{DF0A47D1-7D8B-4511-B997-C4C7EF4ADD29}"
EndProject
Project("{FAE04EC0-301F-11D3-BF4B-00C04F79EFBC}") = "Samples", "Samples\Samples.csproj", "{9689E959-6FD0-4217-959B-5E3340350BE5}"
EndProject
Global
	GlobalSection(SolutionConfigurationPlatforms) = preSolution
		Debug|Any CPU = Debug|Any CPU
		Release|Any CPU = Release|Any CPU
	EndGlobalSection
	GlobalSection(ProjectConfigurationPlatforms) = postSolution
		{778E2A53-BBDD-492C-8004-263AD287A37B}.Debug|Any CPU.ActiveCfg = Debug|Any CPU
		{778E2A53-BBDD-492C-8004-263AD287A37B}.Debug|Any CPU.Build.0 = Debug|Any CPU
		{778E2A53-BBDD-492C-8004-263AD287A37B}.Release|Any CPU.ActiveCfg = Release|Any CPU
		{778E2A53-BBDD-492C-8004-263AD287A37B}.Release|Any CPU.Build.0 = Release|Any CPU
		{DF0A47D1-7D8B-4511-B997-C4C7EF4ADD29}.Debug|Any CPU.ActiveCfg = Debug|Any CPU
		{DF0A47D1-7D8B-4511-B997-C4C7EF4ADD29}.Debug|Any CPU.Build.0 = Debug|Any CPU
		{DF0A47D1-7D8B-4511-B997-C4C7EF4ADD29}.Release|Any CPU.ActiveCfg = Release|Any CPU
		{DF0A47D1-7D8B-4511-B997-C4C7EF4ADD29}.Release|Any CPU.Build.0 = Release|Any CPU
		{9689E959-6FD0-4217-959B-5E3340350BE5}.Debug|Any CPU.ActiveCfg = Debug|Any CPU
		{9689E959-6FD0-4217-959B-5E3340350BE5}.Debug|Any CPU.Build.0 = Debug|Any CPU
		{9689E959-6FD0-4217-959B-5E3340350BE5}.Release|Any CPU.ActiveCfg = Release|Any CPU
		{9689E959-6FD0-4217-959B-5E3340350BE5}.Release|Any CPU.Build.0 = Release|Any CPU
	EndGlobalSection
	GlobalSection(SolutionProperties) = preSolution
		HideSolutionNode = FALSE
	EndGlobalSection
EndGlobal
